
Microsoft Visual Studio Solution File, Format Version 12.00
# Visual Studio Version 17
VisualStudioVersion = 17.2.32630.192
MinimumVisualStudioVersion = 10.0.40219.1
Project("{9A19103F-16F7-4668-BE54-9A1E7A4F7556}") = "CarLocadora.API", "CarLocadora.API\CarLocadora.API.csproj", "{8C666DFF-DB0F-465B-87D9-9F18F1C8F8F4}"
EndProject
Project("{9A19103F-16F7-4668-BE54-9A1E7A4F7556}") = "CarLocadora", "CarLocadora\CarLocadora.csproj", "{95673C24-C1DE-4998-B5BD-01734167BF6E}"
EndProject
Project("{9A19103F-16F7-4668-BE54-9A1E7A4F7556}") = "CarLocadora.Infra", "CarLocadora.Infra\CarLocadora.Infra.csproj", "{B9DB9FCB-B642-4533-84E5-EB31778439F1}"
EndProject
Project("{9A19103F-16F7-4668-BE54-9A1E7A4F7556}") = "CarLocadora.Modelo", "CarLocadora.Modelo\CarLocadora.Modelo.csproj", "{B7CBD36D-B01D-4D8E-975B-8512BC065CFE}"
EndProject
Project("{9A19103F-16F7-4668-BE54-9A1E7A4F7556}") = "CarLocadora.Negocio", "CarLocadora.Negocio\CarLocadora.Negocio.csproj", "{2225FA24-044C-4C46-9CA9-EB1E1D7530D5}"
EndProject
Project("{9A19103F-16F7-4668-BE54-9A1E7A4F7556}") = "CarLocadora.EnviarEmail", "CarLocadora.EnviarEmail\CarLocadora.EnviarEmail.csproj", "{A74148D2-C5A6-4BCF-A88A-9D9D5D96EE92}"
EndProject
Project("{FAE04EC0-301F-11D3-BF4B-00C04F79EFBC}") = "CarLocadora.Comum", "CarLocadora.Comum\CarLocadora.Comum.csproj", "{13CBB350-C420-4323-9223-2E19FDC91547}"
EndProject
Global
	GlobalSection(SolutionConfigurationPlatforms) = preSolution
		Debug|Any CPU = Debug|Any CPU
		Release|Any CPU = Release|Any CPU
	EndGlobalSection
	GlobalSection(ProjectConfigurationPlatforms) = postSolution
		{8C666DFF-DB0F-465B-87D9-9F18F1C8F8F4}.Debug|Any CPU.ActiveCfg = Debug|Any CPU
		{8C666DFF-DB0F-465B-87D9-9F18F1C8F8F4}.Debug|Any CPU.Build.0 = Debug|Any CPU
		{8C666DFF-DB0F-465B-87D9-9F18F1C8F8F4}.Release|Any CPU.ActiveCfg = Release|Any CPU
		{8C666DFF-DB0F-465B-87D9-9F18F1C8F8F4}.Release|Any CPU.Build.0 = Release|Any CPU
		{95673C24-C1DE-4998-B5BD-01734167BF6E}.Debug|Any CPU.ActiveCfg = Debug|Any CPU
		{95673C24-C1DE-4998-B5BD-01734167BF6E}.Debug|Any CPU.Build.0 = Debug|Any CPU
		{95673C24-C1DE-4998-B5BD-01734167BF6E}.Release|Any CPU.ActiveCfg = Release|Any CPU
		{95673C24-C1DE-4998-B5BD-01734167BF6E}.Release|Any CPU.Build.0 = Release|Any CPU
		{B9DB9FCB-B642-4533-84E5-EB31778439F1}.Debug|Any CPU.ActiveCfg = Debug|Any CPU
		{B9DB9FCB-B642-4533-84E5-EB31778439F1}.Debug|Any CPU.Build.0 = Debug|Any CPU
		{B9DB9FCB-B642-4533-84E5-EB31778439F1}.Release|Any CPU.ActiveCfg = Release|Any CPU
		{B9DB9FCB-B642-4533-84E5-EB31778439F1}.Release|Any CPU.Build.0 = Release|Any CPU
		{B7CBD36D-B01D-4D8E-975B-8512BC065CFE}.Debug|Any CPU.ActiveCfg = Debug|Any CPU
		{B7CBD36D-B01D-4D8E-975B-8512BC065CFE}.Debug|Any CPU.Build.0 = Debug|Any CPU
		{B7CBD36D-B01D-4D8E-975B-8512BC065CFE}.Release|Any CPU.ActiveCfg = Release|Any CPU
		{B7CBD36D-B01D-4D8E-975B-8512BC065CFE}.Release|Any CPU.Build.0 = Release|Any CPU
		{2225FA24-044C-4C46-9CA9-EB1E1D7530D5}.Debug|Any CPU.ActiveCfg = Debug|Any CPU
		{2225FA24-044C-4C46-9CA9-EB1E1D7530D5}.Debug|Any CPU.Build.0 = Debug|Any CPU
		{2225FA24-044C-4C46-9CA9-EB1E1D7530D5}.Release|Any CPU.ActiveCfg = Release|Any CPU
		{2225FA24-044C-4C46-9CA9-EB1E1D7530D5}.Release|Any CPU.Build.0 = Release|Any CPU
		{A74148D2-C5A6-4BCF-A88A-9D9D5D96EE92}.Debug|Any CPU.ActiveCfg = Debug|Any CPU
		{A74148D2-C5A6-4BCF-A88A-9D9D5D96EE92}.Debug|Any CPU.Build.0 = Debug|Any CPU
		{A74148D2-C5A6-4BCF-A88A-9D9D5D96EE92}.Release|Any CPU.ActiveCfg = Release|Any CPU
		{A74148D2-C5A6-4BCF-A88A-9D9D5D96EE92}.Release|Any CPU.Build.0 = Release|Any CPU
		{13CBB350-C420-4323-9223-2E19FDC91547}.Debug|Any CPU.ActiveCfg = Debug|Any CPU
		{13CBB350-C420-4323-9223-2E19FDC91547}.Debug|Any CPU.Build.0 = Debug|Any CPU
		{13CBB350-C420-4323-9223-2E19FDC91547}.Release|Any CPU.ActiveCfg = Release|Any CPU
		{13CBB350-C420-4323-9223-2E19FDC91547}.Release|Any CPU.Build.0 = Release|Any CPU
	EndGlobalSection
	GlobalSection(SolutionProperties) = preSolution
		HideSolutionNode = FALSE
	EndGlobalSection
	GlobalSection(ExtensibilityGlobals) = postSolution
		SolutionGuid = {6D9496B9-1B60-4A20-A1EA-901A085EDD37}
	EndGlobalSection
EndGlobal
